# This file is automatically @generated by Cargo.
# It is not intended for manual editing.
version = 4

[[package]]
name = "borrow"
version = "0.1.0"

[[package]]
name = "borrow_me_the_reference"
version = "0.1.0"

[[package]]
name = "borrow_me_the_reference_run"
version = "0.1.0"
dependencies = [
 "borrow_me_the_reference",
]

[[package]]
name = "borrow_run"
version = "0.1.0"
dependencies = [
 "borrow",
]

[[package]]
name = "copy"
version = "0.1.0"

[[package]]
name = "copy_run"
version = "0.1.0"
dependencies = [
 "copy",
]

[[package]]
name = "division_and_remainder"
version = "0.1.0"

[[package]]
name = "doubtful"
version = "0.1.0"

[[package]]
name = "doubtful_run"
version = "0.1.0"
dependencies = [
 "doubtful",
]

[[package]]
name = "fib_run"
version = "0.1.0"
dependencies = [
 "looping",
]

[[package]]
name = "fibonacci2"
version = "0.1.0"

[[package]]
name = "find_factorial"
version = "0.1.0"

[[package]]
name = "groceries"
version = "0.1.0"

[[package]]
name = "looping"
version = "0.1.0"

[[package]]
name = "matrix_transposition"
version = "0.1.0"

[[package]]
name = "name_initials"
version = "0.1.0"

[[package]]
name = "name_initials_run"
version = "0.1.0"
dependencies = [
 "name_initials",
]

[[package]]
name = "ownership"
version = "0.1.0"

[[package]]
name = "ownership_run"
version = "0.1.0"
dependencies = [
 "ownership",
]

[[package]]
name = "piscine-rust"
version = "0.1.0"
dependencies = [
 "division_and_remainder",
 "fibonacci2",
 "find_factorial",
 "groceries",
 "matrix_transposition",
 "reverse_string",
 "scalar",
 "speed_transformation",
 "temperature_conv",
 "tuples_refs",
]

[[package]]
name = "reverse_string"
version = "0.1.0"

[[package]]
name = "run_string_literals"
version = "0.1.0"
dependencies = [
 "string_literals",
]

[[package]]
name = "scalar"
version = "0.1.0"

[[package]]
name = "speed_transformation"
version = "0.1.0"

[[package]]
name = "string_literals"
version = "0.1.0"

[[package]]
name = "temperature_conv"
version = "0.1.0"

[[package]]
name = "tic_tac_toe"
version = "0.1.0"

[[package]]
name = "to_url"
version = "0.1.0"

[[package]]
name = "to_url_run"
version = "0.1.0"
dependencies = [
 "to_url",
]

[[package]]
name = "tuples_refs"
version = "0.1.0"
